
Microsoft Visual Studio Solution File, Format Version 12.00
# Visual Studio Version 17
VisualStudioVersion = 17.13.35828.75
MinimumVisualStudioVersion = 10.0.40219.1
Project("{8BC9CEB8-8B4A-11D0-8D11-00A0C91BC942}") = "Laba_3", "Laba\Laba.vcxproj", "{E583FF24-2763-4163-B1AC-C92A818ABFE0}"
EndProject
Global
	GlobalSection(SolutionConfigurationPlatforms) = preSolution
		Debug|x64 = Debug|x64
		Debug|x86 = Debug|x86
		Release|x64 = Release|x64
		Release|x86 = Release|x86
	EndGlobalSection
	GlobalSection(ProjectConfigurationPlatforms) = postSolution
		{E583FF24-2763-4163-B1AC-C92A818ABFE0}.Debug|x64.ActiveCfg = Debug|x64
		{E583FF24-2763-4163-B1AC-C92A818ABFE0}.Debug|x64.Build.0 = Debug|x64
		{E583FF24-2763-4163-B1AC-C92A818ABFE0}.Debug|x86.ActiveCfg = Debug|Win32
		{E583FF24-2763-4163-B1AC-C92A818ABFE0}.Debug|x86.Build.0 = Debug|Win32
		{E583FF24-2763-4163-B1AC-C92A818ABFE0}.Release|x64.ActiveCfg = Release|x64
		{E583FF24-2763-4163-B1AC-C92A818ABFE0}.Release|x64.Build.0 = Release|x64
		{E583FF24-2763-4163-B1AC-C92A818ABFE0}.Release|x86.ActiveCfg = Release|Win32
		{E583FF24-2763-4163-B1AC-C92A818ABFE0}.Release|x86.Build.0 = Release|Win32
	EndGlobalSection
	GlobalSection(SolutionProperties) = preSolution
		HideSolutionNode = FALSE
	EndGlobalSection
	GlobalSection(ExtensibilityGlobals) = postSolution
		SolutionGuid = {30B433B5-BEEF-449A-A2D9-4A87D10FBB1B}
	EndGlobalSection
EndGlobal
